version = 1
revision = 3
requires-python = ">=3.14"

[[package]]
name = "certifi"
version = "2026.2.25"
source = { registry = "https://pypi.org/simple" }
sdist = { url = "https://files.pythonhosted.org/packages/af/2d/7bf41579a8986e348fa033a31cdd0e4121114f6bce2457e8876010b092dd/certifi-2026.2.25.tar.gz", hash = "sha256:e887ab5cee78ea814d3472169153c2d12cd43b14bd03329a39a9c6e2e80bfba7", size = 155029, upload-time = "2026-02-25T02:54:17.342Z" }
wheels = [
    { url = "https://files.pythonhosted.org/packages/9a/3c/c17fb3ca2d9c3acff52e30b309f538586f9f5b9c9cf454f3845fc9af4881/certifi-2026.2.25-py3-none-any.whl", hash = "sha256:027692e4402ad994f1c42e52a4997a9763c646b73e4096e4d5d6db8af1d6f0fa", size = 153684, upload-time = "2026-02-25T02:54:15.766Z" },
]

[[package]]
name = "clickhouse-connect"
version = "0.15.1"
source = { registry = "https://pypi.org/simple" }
dependencies = [
    { name = "certifi" },
    { name = "lz4" },
    { name = "pytz" },
    { name = "urllib3" },
    { name = "zstandard" },
]
sdist = { url = "https://files.pythonhosted.org/packages/a5/b1/a17eb4409e2741286ccdac06b6ea15db178cdf1f0ed997bbf9ad3448f78e/clickhouse_connect-0.15.1.tar.gz", hash = "sha256:f2aaf5fc0bb3098c24f0d8ca7e4ecbe605a26957481dfca2c8cef9d1fad7b7ca", size = 126840, upload-time = "2026-03-30T18:58:31.113Z" }
wheels = [
    { url = "https://files.pythonhosted.org/packages/31/de/3dda97f102ca428efa958ae8f739b1a5965d3d481ab8f271d2ef99a0c509/clickhouse_connect-0.15.1-cp314-cp314-macosx_10_15_x86_64.whl", hash = "sha256:8bb70307589099c67dfe9a973998491bc82c1af9040560b5ebab799721bb197d", size = 285678, upload-time = "2026-03-30T18:57:39.303Z" },
    { url = "https://files.pythonhosted.org/packages/cb/d0/650f92e68751093fddcd37d511deea6af27cffe59e70f4a1fcd8da470260/clickhouse_connect-0.15.1-cp314-cp314-macosx_11_0_arm64.whl", hash = "sha256:873d8f74eaec141f40ae060318c32353da94fdd4601f925bfd52426f3ddcd689", size = 277362, upload-time = "2026-03-30T18:57:40.431Z" },
    { url = "https://files.pythonhosted.org/packages/05/93/a171190d5985a9dca175f8a5e93ec42f713b1b6f8867208f39598e2dbf05/clickhouse_connect-0.15.1-cp314-cp314-manylinux2014_aarch64.manylinux_2_17_aarch64.manylinux_2_28_aarch64.whl", hash = "sha256:24cdfe9b486c8f2e66f5f51b1f322d89d9eb4df29d9ebb2fa19b553065651e85", size = 1089575, upload-time = "2026-03-30T18:57:42.105Z" },
    { url = "https://files.pythonhosted.org/packages/2f/15/0444a28589ff918a5d5fad8f4484187e571e7cbd0d9290fdb32fee9a28b7/clickhouse_connect-0.15.1-cp314-cp314-manylinux2014_x86_64.manylinux_2_17_x86_64.manylinux_2_28_x86_64.whl", hash = "sha256:3b456d469db994b188bb0b5afa373e8f2e5e2bf41a70a736b9ed2485a976e9ae", size = 1101302, upload-time = "2026-03-30T18:57:43.741Z" },
    { url = "https://files.pythonhosted.org/packages/65/88/73d1cfd0156698ca32b49fb0b227aa8500547f902f15df867169677d6a6a/clickhouse_connect-0.15.1-cp314-cp314-musllinux_1_2_aarch64.whl", hash = "sha256:82e60e108d78e32d58a0f21570b02d3baad67ccbad6482eeb79d74a616d8a5ad", size = 1073001, upload-time = "2026-03-30T18:57:45.084Z" },
    { url = "https://files.pythonhosted.org/packages/64/5c/3f2344ec05427d653f1da2e86e06539086fe94c42d73cc979dbeeebe07eb/clickhouse_connect-0.15.1-cp314-cp314-musllinux_1_2_x86_64.whl", hash = "sha256:b8236c7dd675ed13d5e96f1f9126eeb711e8c266e4a0476ebc32be8a17decb32", size = 1097680, upload-time = "2026-03-30T18:57:46.484Z" },
    { url = "https://files.pythonhosted.org/packages/fa/6a/f17a367f41d7fca804d16bad850e104f4f441ad67b5c60a07f5889607421/clickhouse_connect-0.15.1-cp314-cp314-win32.whl", hash = "sha256:167e674dff8ac12be7796d93190b6fe9097c042940b3c41d87fe4d85970be27d", size = 260012, upload-time = "2026-03-30T18:57:48.075Z" },
    { url = "https://files.pythonhosted.org/packages/bc/43/778e55b897351881a6794b4b0168b82418675822f78bbd63d29f621b3e63/clickhouse_connect-0.15.1-cp314-cp314-win_amd64.whl", hash = "sha256:a326e2f5518d6a9d71f0895d50a3ccd8c4d5e3abb625f39330512ff3c45c6731", size = 278610, upload-time = "2026-03-30T18:57:49.565Z" },
    { url = "https://files.pythonhosted.org/packages/1d/03/dd2f196cfbcb7f826e93eff7bcec596b7327a9cb395fc5a494a9005d8f69/clickhouse_connect-0.15.1-cp314-cp314t-macosx_10_15_x86_64.whl", hash = "sha256:859c718cb93780dd681f75d59ceaf4415915fa9617a5ba2de6105e291d6df3ad", size = 298561, upload-time = "2026-03-30T18:57:51.189Z" },
    { url = "https://files.pythonhosted.org/packages/13/06/cf0b76e96eb26b4e4797d3ece7f1ba1980aa7767a0b5d53e5b260186b6c4/clickhouse_connect-0.15.1-cp314-cp314t-macosx_11_0_arm64.whl", hash = "sha256:aa9890507aac52a8a5363813bb315b6867e86a97ffa08576cb934603f5bc0216", size = 293129, upload-time = "2026-03-30T18:57:52.761Z" },
    { url = "https://files.pythonhosted.org/packages/c3/7c/6c9c9f3749e25c0bd6a470c00ade9a76c4fb9aa23c04e48f75a474942d8b/clickhouse_connect-0.15.1-cp314-cp314t-manylinux2014_aarch64.manylinux_2_17_aarch64.manylinux_2_28_aarch64.whl", hash = "sha256:aeb09a6f8585f3bd4d8c5bead38f3821c076e0bca08c474a7b9039732a6e2e9a", size = 1170922, upload-time = "2026-03-30T18:57:54.195Z" },
    { url = "https://files.pythonhosted.org/packages/70/78/5507826f580046cd0b0881384539983036efe5db4ccbb2e859e7eb8b0788/clickhouse_connect-0.15.1-cp314-cp314t-manylinux2014_x86_64.manylinux_2_17_x86_64.manylinux_2_28_x86_64.whl", hash = "sha256:e88a31bbd9da7f4b49de39d21e8c93c8fbb5cf487071e935af0eba884681df00", size = 1149368, upload-time = "2026-03-30T18:57:55.575Z" },
    { url = "https://files.pythonhosted.org/packages/51/3e/efe0a82a8745ab0f648f1ebb305fef4a654790c22f328f9e17694b0c7979/clickhouse_connect-0.15.1-cp314-cp314t-musllinux_1_2_aarch64.whl", hash = "sha256:158325a06978f91a182967341188502a0761447d1e13ffa775cf017def1a3d9e", size = 1131660, upload-time = "2026-03-30T18:57:56.99Z" },
    { url = "https://files.pythonhosted.org/packages/2b/67/f6a2e23ef10d9138733d5e5122ee59f3e5e02c5d8f1a2708f644c4336b8c/clickhouse_connect-0.15.1-cp314-cp314t-musllinux_1_2_x86_64.whl", hash = "sha256:e702b77720ae6fd501e5a52262518dddb6c705fbc122bca4567694fb0bab401f", size = 1139070, upload-time = "2026-03-30T18:57:58.4Z" },
    { url = "https://files.pythonhosted.org/packages/43/09/d87f6b9377ff19bbe95144917a6683136db77b5957ac0e2f390cbc30313a/clickhouse_connect-0.15.1-cp314-cp314t-win32.whl", hash = "sha256:b2f5174fc6001a1555fc3cb565f3b727e1b786d572df0b30d14929ae13bd3542", size = 282350, upload-time = "2026-03-30T18:58:00.192Z" },
    { url = "https://files.pythonhosted.org/packages/92/cc/8e2437de5e0a6c831e6cb2f282cd33e16bd98213a13624df0cb146a9077e/clickhouse_connect-0.15.1-cp314-cp314t-win_amd64.whl", hash = "sha256:a1266a52bf61f0420630f625c5ac87bc2d095f08321820546300a699d4300ba3", size = 306011, upload-time = "2026-03-30T18:58:02.166Z" },
]

[[package]]
name = "lz4"
version = "4.4.5"
source = { registry = "https://pypi.org/simple" }
sdist = { url = "https://files.pythonhosted.org/packages/57/51/f1b86d93029f418033dddf9b9f79c8d2641e7454080478ee2aab5123173e/lz4-4.4.5.tar.gz", hash = "sha256:5f0b9e53c1e82e88c10d7c180069363980136b9d7a8306c4dca4f760d60c39f0", size = 172886, upload-time = "2025-11-03T13:02:36.061Z" }
wheels = [
    { url = "https://files.pythonhosted.org/packages/63/9c/70bdbdb9f54053a308b200b4678afd13efd0eafb6ddcbb7f00077213c2e5/lz4-4.4.5-cp314-cp314-macosx_10_15_x86_64.whl", hash = "sha256:c216b6d5275fc060c6280936bb3bb0e0be6126afb08abccde27eed23dead135f", size = 207586, upload-time = "2025-11-03T13:02:18.263Z" },
    { url = "https://files.pythonhosted.org/packages/b6/cb/bfead8f437741ce51e14b3c7d404e3a1f6b409c440bad9b8f3945d4c40a7/lz4-4.4.5-cp314-cp314-macosx_11_0_arm64.whl", hash = "sha256:c8e71b14938082ebaf78144f3b3917ac715f72d14c076f384a4c062df96f9df6", size = 207161, upload-time = "2025-11-03T13:02:19.286Z" },
    { url = "https://files.pythonhosted.org/packages/e7/18/b192b2ce465dfbeabc4fc957ece7a1d34aded0d95a588862f1c8a86ac448/lz4-4.4.5-cp314-cp314-manylinux1_i686.manylinux_2_28_i686.manylinux_2_5_i686.whl", hash = "sha256:9b5e6abca8df9f9bdc5c3085f33ff32cdc86ed04c65e0355506d46a5ac19b6e9", size = 1292415, upload-time = "2025-11-03T13:02:20.829Z" },
    { url = "https://files.pythonhosted.org/packages/67/79/a4e91872ab60f5e89bfad3e996ea7dc74a30f27253faf95865771225ccba/lz4-4.4.5-cp314-cp314-manylinux2014_aarch64.manylinux_2_17_aarch64.manylinux_2_28_aarch64.whl", hash = "sha256:3b84a42da86e8ad8537aabef062e7f661f4a877d1c74d65606c49d835d36d668", size = 1279920, upload-time = "2025-11-03T13:02:22.013Z" },
    { url = "https://files.pythonhosted.org/packages/f1/01/d52c7b11eaa286d49dae619c0eec4aabc0bf3cda7a7467eb77c62c4471f3/lz4-4.4.5-cp314-cp314-manylinux2014_x86_64.manylinux_2_17_x86_64.manylinux_2_28_x86_64.whl", hash = "sha256:0bba042ec5a61fa77c7e380351a61cb768277801240249841defd2ff0a10742f", size = 1368661, upload-time = "2025-11-03T13:02:23.208Z" },
    { url = "https://files.pythonhosted.org/packages/f7/da/137ddeea14c2cb86864838277b2607d09f8253f152156a07f84e11768a28/lz4-4.4.5-cp314-cp314-win32.whl", hash = "sha256:bd85d118316b53ed73956435bee1997bd06cc66dd2fa74073e3b1322bd520a67", size = 90139, upload-time = "2025-11-03T13:02:24.301Z" },
    { url = "https://files.pythonhosted.org/packages/18/2c/8332080fd293f8337779a440b3a143f85e374311705d243439a3349b81ad/lz4-4.4.5-cp314-cp314-win_amd64.whl", hash = "sha256:92159782a4502858a21e0079d77cdcaade23e8a5d252ddf46b0652604300d7be", size = 101497, upload-time = "2025-11-03T13:02:25.187Z" },
    { url = "https://files.pythonhosted.org/packages/ca/28/2635a8141c9a4f4bc23f5135a92bbcf48d928d8ca094088c962df1879d64/lz4-4.4.5-cp314-cp314-win_arm64.whl", hash = "sha256:d994b87abaa7a88ceb7a37c90f547b8284ff9da694e6afcfaa8568d739faf3f7", size = 93812, upload-time = "2025-11-03T13:02:26.133Z" },
]

[[package]]
name = "pytz"
version = "2026.1.post1"
source = { registry = "https://pypi.org/simple" }
sdist = { url = "https://files.pythonhosted.org/packages/56/db/b8721d71d945e6a8ac63c0fc900b2067181dbb50805958d4d4661cf7d277/pytz-2026.1.post1.tar.gz", hash = "sha256:3378dde6a0c3d26719182142c56e60c7f9af7e968076f31aae569d72a0358ee1", size = 321088, upload-time = "2026-03-03T07:47:50.683Z" }
wheels = [
    { url = "https://files.pythonhosted.org/packages/10/99/781fe0c827be2742bcc775efefccb3b048a3a9c6ce9aec0cbf4a101677e5/pytz-2026.1.post1-py2.py3-none-any.whl", hash = "sha256:f2fd16142fda348286a75e1a524be810bb05d444e5a081f37f7affc635035f7a", size = 510489, upload-time = "2026-03-03T07:47:49.167Z" },
]

[[package]]
name = "urllib3"
version = "2.6.3"
source = { registry = "https://pypi.org/simple" }
sdist = { url = "https://files.pythonhosted.org/packages/c7/24/5f1b3bdffd70275f6661c76461e25f024d5a38a46f04aaca912426a2b1d3/urllib3-2.6.3.tar.gz", hash = "sha256:1b62b6884944a57dbe321509ab94fd4d3b307075e0c2eae991ac71ee15ad38ed", size = 435556, upload-time = "2026-01-07T16:24:43.925Z" }
wheels = [
    { url = "https://files.pythonhosted.org/packages/39/08/aaaad47bc4e9dc8c725e68f9d04865dbcb2052843ff09c97b08904852d84/urllib3-2.6.3-py3-none-any.whl", hash = "sha256:bf272323e553dfb2e87d9bfd225ca7b0f467b919d7bbd355436d3fd37cb0acd4", size = 131584, upload-time = "2026-01-07T16:24:42.685Z" },
]

[[package]]
name = "utils"
version = "0.1.0"
source = { virtual = "." }
dependencies = [
    { name = "clickhouse-connect" },
]

[package.metadata]
requires-dist = [{ name = "clickhouse-connect", specifier = ">=0.15.1" }]

[[package]]
name = "zstandard"
version = "0.25.0"
source = { registry = "https://pypi.org/simple" }
sdist = { url = "https://files.pythonhosted.org/packages/fd/aa/3e0508d5a5dd96529cdc5a97011299056e14c6505b678fd58938792794b1/zstandard-0.25.0.tar.gz", hash = "sha256:7713e1179d162cf5c7906da876ec2ccb9c3a9dcbdffef0cc7f70c3667a205f0b", size = 711513, upload-time = "2025-09-14T22:15:54.002Z" }
wheels = [
    { url = "https://files.pythonhosted.org/packages/3d/5c/f8923b595b55fe49e30612987ad8bf053aef555c14f05bb659dd5dbe3e8a/zstandard-0.25.0-cp314-cp314-macosx_10_13_x86_64.whl", hash = "sha256:e29f0cf06974c899b2c188ef7f783607dbef36da4c242eb6c82dcd8b512855e3", size = 795887, upload-time = "2025-09-14T22:17:54.198Z" },
    { url = "https://files.pythonhosted.org/packages/8d/09/d0a2a14fc3439c5f874042dca72a79c70a532090b7ba0003be73fee37ae2/zstandard-0.25.0-cp314-cp314-macosx_11_0_arm64.whl", hash = "sha256:05df5136bc5a011f33cd25bc9f506e7426c0c9b3f9954f056831ce68f3b6689f", size = 640658, upload-time = "2025-09-14T22:17:55.423Z" },
    { url = "https://files.pythonhosted.org/packages/5d/7c/8b6b71b1ddd517f68ffb55e10834388d4f793c49c6b83effaaa05785b0b4/zstandard-0.25.0-cp314-cp314-manylinux2010_i686.manylinux_2_12_i686.manylinux_2_28_i686.whl", hash = "sha256:f604efd28f239cc21b3adb53eb061e2a205dc164be408e553b41ba2ffe0ca15c", size = 5379849, upload-time = "2025-09-14T22:17:57.372Z" },
    { url = "https://files.pythonhosted.org/packages/a4/86/a48e56320d0a17189ab7a42645387334fba2200e904ee47fc5a26c1fd8ca/zstandard-0.25.0-cp314-cp314-manylinux2014_aarch64.manylinux_2_17_aarch64.manylinux_2_28_aarch64.whl", hash = "sha256:223415140608d0f0da010499eaa8ccdb9af210a543fac54bce15babbcfc78439", size = 5058095, upload-time = "2025-09-14T22:17:59.498Z" },
    { url = "https://files.pythonhosted.org/packages/f8/ad/eb659984ee2c0a779f9d06dbfe45e2dc39d99ff40a319895df2d3d9a48e5/zstandard-0.25.0-cp314-cp314-manylinux2014_ppc64le.manylinux_2_17_ppc64le.manylinux_2_28_ppc64le.whl", hash = "sha256:2e54296a283f3ab5a26fc9b8b5d4978ea0532f37b231644f367aa588930aa043", size = 5551751, upload-time = "2025-09-14T22:18:01.618Z" },
    { url = "https://files.pythonhosted.org/packages/61/b3/b637faea43677eb7bd42ab204dfb7053bd5c4582bfe6b1baefa80ac0c47b/zstandard-0.25.0-cp314-cp314-manylinux2014_s390x.manylinux_2_17_s390x.manylinux_2_28_s390x.whl", hash = "sha256:ca54090275939dc8ec5dea2d2afb400e0f83444b2fc24e07df7fdef677110859", size = 6364818, upload-time = "2025-09-14T22:18:03.769Z" },
    { url = "https://files.pythonhosted.org/packages/31/dc/cc50210e11e465c975462439a492516a73300ab8caa8f5e0902544fd748b/zstandard-0.25.0-cp314-cp314-manylinux2014_x86_64.manylinux_2_17_x86_64.manylinux_2_28_x86_64.whl", hash = "sha256:e09bb6252b6476d8d56100e8147b803befa9a12cea144bbe629dd508800d1ad0", size = 5560402, upload-time = "2025-09-14T22:18:05.954Z" },
    { url = "https://files.pythonhosted.org/packages/c9/ae/56523ae9c142f0c08efd5e868a6da613ae76614eca1305259c3bf6a0ed43/zstandard-0.25.0-cp314-cp314-musllinux_1_2_aarch64.whl", hash = "sha256:a9ec8c642d1ec73287ae3e726792dd86c96f5681eb8df274a757bf62b750eae7", size = 4955108, upload-time = "2025-09-14T22:18:07.68Z" },
    { url = "https://files.pythonhosted.org/packages/98/cf/c899f2d6df0840d5e384cf4c4121458c72802e8bda19691f3b16619f51e9/zstandard-0.25.0-cp314-cp314-musllinux_1_2_i686.whl", hash = "sha256:a4089a10e598eae6393756b036e0f419e8c1d60f44a831520f9af41c14216cf2", size = 5269248, upload-time = "2025-09-14T22:18:09.753Z" },
    { url = "https://files.pythonhosted.org/packages/1b/c0/59e912a531d91e1c192d3085fc0f6fb2852753c301a812d856d857ea03c6/zstandard-0.25.0-cp314-cp314-musllinux_1_2_ppc64le.whl", hash = "sha256:f67e8f1a324a900e75b5e28ffb152bcac9fbed1cc7b43f99cd90f395c4375344", size = 5430330, upload-time = "2025-09-14T22:18:11.966Z" },
    { url = "https://files.pythonhosted.org/packages/a0/1d/7e31db1240de2df22a58e2ea9a93fc6e38cc29353e660c0272b6735d6669/zstandard-0.25.0-cp314-cp314-musllinux_1_2_s390x.whl", hash = "sha256:9654dbc012d8b06fc3d19cc825af3f7bf8ae242226df5f83936cb39f5fdc846c", size = 5811123, upload-time = "2025-09-14T22:18:13.907Z" },
    { url = "https://files.pythonhosted.org/packages/f6/49/fac46df5ad353d50535e118d6983069df68ca5908d4d65b8c466150a4ff1/zstandard-0.25.0-cp314-cp314-musllinux_1_2_x86_64.whl", hash = "sha256:4203ce3b31aec23012d3a4cf4a2ed64d12fea5269c49aed5e4c3611b938e4088", size = 5359591, upload-time = "2025-09-14T22:18:16.465Z" },
    { url = "https://files.pythonhosted.org/packages/c2/38/f249a2050ad1eea0bb364046153942e34abba95dd5520af199aed86fbb49/zstandard-0.25.0-cp314-cp314-win32.whl", hash = "sha256:da469dc041701583e34de852d8634703550348d5822e66a0c827d39b05365b12", size = 444513, upload-time = "2025-09-14T22:18:20.61Z" },
    { url = "https://files.pythonhosted.org/packages/3a/43/241f9615bcf8ba8903b3f0432da069e857fc4fd1783bd26183db53c4804b/zstandard-0.25.0-cp314-cp314-win_amd64.whl", hash = "sha256:c19bcdd826e95671065f8692b5a4aa95c52dc7a02a4c5a0cac46deb879a017a2", size = 516118, upload-time = "2025-09-14T22:18:17.849Z" },
    { url = "https://files.pythonhosted.org/packages/f0/ef/da163ce2450ed4febf6467d77ccb4cd52c4c30ab45624bad26ca0a27260c/zstandard-0.25.0-cp314-cp314-win_arm64.whl", hash = "sha256:d7541afd73985c630bafcd6338d2518ae96060075f9463d7dc14cfb33514383d", size = 476940, upload-time = "2025-09-14T22:18:19.088Z" },
]
